// !$*UTF8*$!
{
	archiveVersion = 1;
	classes = {
	};
	objectVersion = 50;
	objects = {

/* Begin PBXBuildFile section */
		46C5189325E8FE0200C3A02E /* AppDelegate.swift in Sources */ = {isa = PBXBuildFile; fileRef = 46C5189225E8FE0200C3A02E /* AppDelegate.swift */; };
		46C5189525E8FE0200C3A02E /* ContentView.swift in Sources */ = {isa = PBXBuildFile; fileRef = 46C5189425E8FE0200C3A02E /* ContentView.swift */; };
		46C5189725E8FE0300C3A02E /* Assets.xcassets in Resources */ = {isa = PBXBuildFile; fileRef = 46C5189625E8FE0300C3A02E /* Assets.xcassets */; };
		46C5189A25E8FE0300C3A02E /* Preview Assets.xcassets in Resources */ = {isa = PBXBuildFile; fileRef = 46C5189925E8FE0300C3A02E /* Preview Assets.xcassets */; };
		46C5189D25E8FE0300C3A02E /* Main.storyboard in Resources */ = {isa = PBXBuildFile; fileRef = 46C5189B25E8FE0300C3A02E /* Main.storyboard */; };
/* End PBXBuildFile section */

/* Begin PBXFileReference section */
		46C5188F25E8FE0200C3A02E /* caseshortcut.app */ = {isa = PBXFileReference; explicitFileType = wrapper.application; includeInIndex = 0; path = caseshortcut.app; sourceTree = BUILT_PRODUCTS_DIR; };
		46C5189225E8FE0200C3A02E /* AppDelegate.swift */ = {isa = PBXFileReference; lastKnownFileType = sourcecode.swift; path = AppDelegate.swift; sourceTree = "<group>"; };
		46C5189425E8FE0200C3A02E /* ContentView.swift */ = {isa = PBXFileReference; lastKnownFileType = sourcecode.swift; path = ContentView.swift; sourceTree = "<group>"; };
		46C5189625E8FE0300C3A02E /* Assets.xcassets */ = {isa = PBXFileReference; lastKnownFileType = folder.assetcatalog; path = Assets.xcassets; sourceTree = "<group>"; };
		46C5189925E8FE0300C3A02E /* Preview Assets.xcassets */ = {isa = PBXFileReference; lastKnownFileType = folder.assetcatalog; path = "Preview Assets.xcassets"; sourceTree = "<group>"; };
		46C5189C25E8FE0300C3A02E /* Base */ = {isa = PBXFileReference; lastKnownFileType = file.storyboard; name = Base; path = Base.lproj/Main.storyboard; sourceTree = "<group>"; };
		46C5189E25E8FE0300C3A02E /* Info.plist */ = {isa = PBXFileReference; lastKnownFileType = text.plist.xml; path = Info.plist; sourceTree = "<group>"; };
		46C5189F25E8FE0300C3A02E /* caseshortcut.entitlements */ = {isa = PBXFileReference; lastKnownFileType = text.plist.entitlements; path = caseshortcut.entitlements; sourceTree = "<group>"; };
/* End PBXFileReference section */

/* Begin PBXFrameworksBuildPhase section */
		46C5188C25E8FE0200C3A02E /* Frameworks */ = {
			isa = PBXFrameworksBuildPhase;
			buildActionMask = 2147483647;
			files = (
			);
			runOnlyForDeploymentPostprocessing = 0;
		};
/* End PBXFrameworksBuildPhase section */

/* Begin PBXGroup section */
		46C5188625E8FE0200C3A02E = {
			isa = PBXGroup;
			children = (
				46C5189125E8FE0200C3A02E /* caseshortcut */,
				46C5189025E8FE0200C3A02E /* Products */,
			);
			sourceTree = "<group>";
		};
		46C5189025E8FE0200C3A02E /* Products */ = {
			isa = PBXGroup;
			children = (
				46C5188F25E8FE0200C3A02E /* caseshortcut.app */,
			);
			name = Products;
			sourceTree = "<group>";
		};
		46C5189125E8FE0200C3A02E /* caseshortcut */ = {
			isa = PBXGroup;
			children = (
				46C5189225E8FE0200C3A02E /* AppDelegate.swift */,
				46C5189425E8FE0200C3A02E /* ContentView.swift */,
				46C5189625E8FE0300C3A02E /* Assets.xcassets */,
				46C5189B25E8FE0300C3A02E /* Main.storyboard */,
				46C5189E25E8FE0300C3A02E /* Info.plist */,
				46C5189F25E8FE0300C3A02E /* caseshortcut.entitlements */,
				46C5189825E8FE0300C3A02E /* Preview Content */,
			);
			path = caseshortcut;
			sourceTree = "<group>";
		};
		46C5189825E8FE0300C3A02E /* Preview Content */ = {
			isa = PBXGroup;
			children = (
				46C5189925E8FE0300C3A02E /* Preview Assets.xcassets */,
			);
			path = "Preview Content";
			sourceTree = "<group>";
		};
/* End PBXGroup section */

/* Begin PBXNativeTarget section */
		46C5188E25E8FE0200C3A02E /* caseshortcut */ = {
			isa = PBXNativeTarget;
			buildConfigurationList = 46C518A225E8FE0300C3A02E /* Build configuration list for PBXNativeTarget "caseshortcut" */;
			buildPhases = (
				46C5188B25E8FE0200C3A02E /* Sources */,
				46C5188C25E8FE0200C3A02E /* Frameworks */,
				46C5188D25E8FE0200C3A02E /* Resources */,
			);
			buildRules = (
			);
			dependencies = (
			);
			name = caseshortcut;
			productName = caseshortcut;
			productReference = 46C5188F25E8FE0200C3A02E /* caseshortcut.app */;
			productType = "com.apple.product-type.application";
		};
/* End PBXNativeTarget section */

/* Begin PBXProject section */
		46C5188725E8FE0200C3A02E /* Project object */ = {
			isa = PBXProject;
			attributes = {
				LastSwiftUpdateCheck = 1240;
				LastUpgradeCheck = 1240;
				TargetAttributes = {
					46C5188E25E8FE0200C3A02E = {
						CreatedOnToolsVersion = 12.4;
					};
				};
			};
			buildConfigurationList = 46C5188A25E8FE0200C3A02E /* Build configuration list for PBXProject "caseshortcut" */;
			compatibilityVersion = "Xcode 9.3";
			developmentRegion = en;
			hasScannedForEncodings = 0;
			knownRegions = (
				en,
				Base,
			);
			mainGroup = 46C5188625E8FE0200C3A02E;
			productRefGroup = 46C5189025E8FE0200C3A02E /* Products */;
			projectDirPath = "";
			projectRoot = "";
			targets = (
				46C5188E25E8FE0200C3A02E /* caseshortcut */,
			);
		};
/* End PBXProject section */

/* Begin PBXResourcesBuildPhase section */
		46C5188D25E8FE0200C3A02E /* Resources */ = {
			isa = PBXResourcesBuildPhase;
			buildActionMask = 2147483647;
			files = (
				46C5189D25E8FE0300C3A02E /* Main.storyboard in Resources */,
				46C5189A25E8FE0300C3A02E /* Preview Assets.xcassets in Resources */,
				46C5189725E8FE0300C3A02E /* Assets.xcassets in Resources */,
			);
			runOnlyForDeploymentPostprocessing = 0;
		};
/* End PBXResourcesBuildPhase section */

/* Begin PBXSourcesBuildPhase section */
		46C5188B25E8FE0200C3A02E /* Sources */ = {
			isa = PBXSourcesBuildPhase;
			buildActionMask = 2147483647;
			files = (
				46C5189525E8FE0200C3A02E /* ContentView.swift in Sources */,
				46C5189325E8FE0200C3A02E /* AppDelegate.swift in Sources */,
			);
			runOnlyForDeploymentPostprocessing = 0;
		};
/* End PBXSourcesBuildPhase section */

/* Begin PBXVariantGroup section */
		46C5189B25E8FE0300C3A02E /* Main.storyboard */ = {
			isa = PBXVariantGroup;
			children = (
				46C5189C25E8FE0300C3A02E /* Base */,
			);
			name = Main.storyboard;
			sourceTree = "<group>";
		};
/* End PBXVariantGroup section */

/* Begin XCBuildConfiguration section */
		46C518A025E8FE0300C3A02E /* Debug */ = {
			isa = XCBuildConfiguration;
			buildSettings = {
				ALWAYS_SEARCH_USER_PATHS = NO;
				CLANG_ANALYZER_NONNULL = YES;
				CLANG_ANALYZER_NUMBER_OBJECT_CONVERSION = YES_AGGRESSIVE;
				CLANG_CXX_LANGUAGE_STANDARD = "gnu++14";
				CLANG_CXX_LIBRARY = "libc++";
				CLANG_ENABLE_MODULES = YES;
				CLANG_ENABLE_OBJC_ARC = YES;
				CLANG_ENABLE_OBJC_WEAK = YES;
				CLANG_WARN_BLOCK_CAPTURE_AUTORELEASING = YES;
				CLANG_WARN_BOOL_CONVERSION = YES;
				CLANG_WARN_COMMA = YES;
				CLANG_WARN_CONSTANT_CONVERSION = YES;
				CLANG_WARN_DEPRECATED_OBJC_IMPLEMENTATIONS = YES;
				CLANG_WARN_DIRECT_OBJC_ISA_USAGE = YES_ERROR;
				CLANG_WARN_DOCUMENTATION_COMMENTS = YES;
				CLANG_WARN_EMPTY_BODY = YES;
				CLANG_WARN_ENUM_CONVERSION = YES;
				CLANG_WARN_INFINITE_RECURSION = YES;
				CLANG_WARN_INT_CONVERSION = YES;
				CLANG_WARN_NON_LITERAL_NULL_CONVERSION = YES;
				CLANG_WARN_OBJC_IMPLICIT_RETAIN_SELF = YES;
				CLANG_WARN_OBJC_LITERAL_CONVERSION = YES;
				CLANG_WARN_OBJC_ROOT_CLASS = YES_ERROR;
				CLANG_WARN_QUOTED_INCLUDE_IN_FRAMEWORK_HEADER = YES;
				CLANG_WARN_RANGE_LOOP_ANALYSIS = YES;
				CLANG_WARN_STRICT_PROTOTYPES = YES;
				CLANG_WARN_SUSPICIOUS_MOVE = YES;
				CLANG_WARN_UNGUARDED_AVAILABILITY = YES_AGGRESSIVE;
				CLANG_WARN_UNREACHABLE_CODE = YES;
				CLANG_WARN__DUPLICATE_METHOD_MATCH = YES;
				COPY_PHASE_STRIP = NO;
				DEBUG_INFORMATION_FORMAT = dwarf;
				ENABLE_STRICT_OBJC_MSGSEND = YES;
				ENABLE_TESTABILITY = YES;
				GCC_C_LANGUAGE_STANDARD = gnu11;
				GCC_DYNAMIC_NO_PIC = NO;
				GCC_NO_COMMON_BLOCKS = YES;
				GCC_OPTIMIZATION_LEVEL = 0;
				GCC_PREPROCESSOR_DEFINITIONS = (
					"DEBUG=1",
					"$(inherited)",
				);
				GCC_WARN_64_TO_32_BIT_CONVERSION = YES;
				GCC_WARN_ABOUT_RETURN_TYPE = YES_ERROR;
				GCC_WARN_UNDECLARED_SELECTOR = YES;
				GCC_WARN_UNINITIALIZED_AUTOS = YES_AGGRESSIVE;
				GCC_WARN_UNUSED_FUNCTION = YES;
				GCC_WARN_UNUSED_VARIABLE = YES;
				MACOSX_DEPLOYMENT_TARGET = 11.1;
				MTL_ENABLE_DEBUG_INFO = INCLUDE_SOURCE;
				MTL_FAST_MATH = YES;
				ONLY_ACTIVE_ARCH = YES;
				SDKROOT = macosx;
				SWIFT_ACTIVE_COMPILATION_CONDITIONS = DEBUG;
				SWIFT_OPTIMIZATION_LEVEL = "-Onone";
			};
			name = Debug;
		};
		46C518A125E8FE0300C3A02E /* Release */ = {
			isa = XCBuildConfiguration;
			buildSettings = {
				ALWAYS_SEARCH_USER_PATHS = NO;
				CLANG_ANALYZER_NONNULL = YES;
				CLANG_ANALYZER_NUMBER_OBJECT_CONVERSION = YES_AGGRESSIVE;
				CLANG_CXX_LANGUAGE_STANDARD = "gnu++14";
				CLANG_CXX_LIBRARY = "libc++";
				CLANG_ENABLE_MODULES = YES;
				CLANG_ENABLE_OBJC_ARC = YES;
				CLANG_ENABLE_OBJC_WEAK = YES;
				CLANG_WARN_BLOCK_CAPTURE_AUTORELEASING = YES;
				CLANG_WARN_BOOL_CONVERSION = YES;
				CLANG_WARN_COMMA = YES;
				CLANG_WARN_CONSTANT_CONVERSION = YES;
				CLANG_WARN_DEPRECATED_OBJC_IMPLEMENTATIONS = YES;
				CLANG_WARN_DIRECT_OBJC_ISA_USAGE = YES_ERROR;
				CLANG_WARN_DOCUMENTATION_COMMENTS = YES;
				CLANG_WARN_EMPTY_BODY = YES;
				CLANG_WARN_ENUM_CONVERSION = YES;
				CLANG_WARN_INFINITE_RECURSION = YES;
				CLANG_WARN_INT_CONVERSION = YES;
				CLANG_WARN_NON_LITERAL_NULL_CONVERSION = YES;
				CLANG_WARN_OBJC_IMPLICIT_RETAIN_SELF = YES;
				CLANG_WARN_OBJC_LITERAL_CONVERSION = YES;
				CLANG_WARN_OBJC_ROOT_CLASS = YES_ERROR;
				CLANG_WARN_QUOTED_INCLUDE_IN_FRAMEWORK_HEADER = YES;
				CLANG_WARN_RANGE_LOOP_ANALYSIS = YES;
				CLANG_WARN_STRICT_PROTOTYPES = YES;
				CLANG_WARN_SUSPICIOUS_MOVE = YES;
				CLANG_WARN_UNGUARDED_AVAILABILITY = YES_AGGRESSIVE;
				CLANG_WARN_UNREACHABLE_CODE = YES;
				CLANG_WARN__DUPLICATE_METHOD_MATCH = YES;
				COPY_PHASE_STRIP = NO;
				DEBUG_INFORMATION_FORMAT = "dwarf-with-dsym";
				ENABLE_NS_ASSERTIONS = NO;
				ENABLE_STRICT_OBJC_MSGSEND = YES;
				GCC_C_LANGUAGE_STANDARD = gnu11;
				GCC_NO_COMMON_BLOCKS = YES;
				GCC_WARN_64_TO_32_BIT_CONVERSION = YES;
				GCC_WARN_ABOUT_RETURN_TYPE = YES_ERROR;
				GCC_WARN_UNDECLARED_SELECTOR = YES;
				GCC_WARN_UNINITIALIZED_AUTOS = YES_AGGRESSIVE;
				GCC_WARN_UNUSED_FUNCTION = YES;
				GCC_WARN_UNUSED_VARIABLE = YES;
				MACOSX_DEPLOYMENT_TARGET = 11.1;
				MTL_ENABLE_DEBUG_INFO = NO;
				MTL_FAST_MATH = YES;
				SDKROOT = macosx;
				SWIFT_COMPILATION_MODE = wholemodule;
				SWIFT_OPTIMIZATION_LEVEL = "-O";
			};
			name = Release;
		};
		46C518A325E8FE0300C3A02E /* Debug */ = {
			isa = XCBuildConfiguration;
			buildSettings = {
				ASSETCATALOG_COMPILER_APPICON_NAME = AppIcon;
				ASSETCATALOG_COMPILER_GLOBAL_ACCENT_COLOR_NAME = AccentColor;
				CODE_SIGN_ENTITLEMENTS = caseshortcut/caseshortcut.entitlements;
				CODE_SIGN_STYLE = Automatic;
				COMBINE_HIDPI_IMAGES = YES;
				DEVELOPMENT_ASSET_PATHS = "\"caseshortcut/Preview Content\"";
				DEVELOPMENT_TEAM = 3A9J5SPU8J;
				ENABLE_HARDENED_RUNTIME = YES;
				ENABLE_PREVIEWS = YES;
				INFOPLIST_FILE = caseshortcut/Info.plist;
				LD_RUNPATH_SEARCH_PATHS = (
					"$(inherited)",
					"@executable_path/../Frameworks",
				);
				MACOSX_DEPLOYMENT_TARGET = 10.15;
				PRODUCT_BUNDLE_IDENTIFIER = larskarbo.caseshortcut;
				PRODUCT_NAME = "$(TARGET_NAME)";
				SWIFT_VERSION = 5.0;
			};
			name = Debug;
		};
		46C518A425E8FE0300C3A02E /* Release */ = {
			isa = XCBuildConfiguration;
			buildSettings = {
				ASSETCATALOG_COMPILER_APPICON_NAME = AppIcon;
				ASSETCATALOG_COMPILER_GLOBAL_ACCENT_COLOR_NAME = AccentColor;
				CODE_SIGN_ENTITLEMENTS = caseshortcut/caseshortcut.entitlements;
				CODE_SIGN_STYLE = Automatic;
				COMBINE_HIDPI_IMAGES = YES;
				DEVELOPMENT_ASSET_PATHS = "\"caseshortcut/Preview Content\"";
				DEVELOPMENT_TEAM = 3A9J5SPU8J;
				ENABLE_HARDENED_RUNTIME = YES;
				ENABLE_PREVIEWS = YES;
				INFOPLIST_FILE = caseshortcut/Info.plist;
				LD_RUNPATH_SEARCH_PATHS = (
					"$(inherited)",
					"@executable_path/../Frameworks",
				);
				MACOSX_DEPLOYMENT_TARGET = 10.15;
				PRODUCT_BUNDLE_IDENTIFIER = larskarbo.caseshortcut;
				PRODUCT_NAME = "$(TARGET_NAME)";
				SWIFT_VERSION = 5.0;
			};
			name = Release;
		};
/* End XCBuildConfiguration section */

/* Begin XCConfigurationList section */
		46C5188A25E8FE0200C3A02E /* Build configuration list for PBXProject "caseshortcut" */ = {
			isa = XCConfigurationList;
			buildConfigurations = (
				46C518A025E8FE0300C3A02E /* Debug */,
				46C518A125E8FE0300C3A02E /* Release */,
			);
			defaultConfigurationIsVisible = 0;
			defaultConfigurationName = Release;
		};
		46C518A225E8FE0300C3A02E /* Build configuration list for PBXNativeTarget "caseshortcut" */ = {
			isa = XCConfigurationList;
			buildConfigurations = (
				46C518A325E8FE0300C3A02E /* Debug */,
				46C518A425E8FE0300C3A02E /* Release */,
			);
			defaultConfigurationIsVisible = 0;
			defaultConfigurationName = Release;
		};
/* End XCConfigurationList section */
	};
	rootObject = 46C5188725E8FE0200C3A02E /* Project object */;
}
